
Microsoft Visual Studio Solution File, Format Version 12.00
# Visual Studio Version 16
VisualStudioVersion = 16.0.30128.74
MinimumVisualStudioVersion = 10.0.40219.1
Project("{2150E333-8FDC-42A3-9474-1A3956D46DE8}") = "Common", "Common", "{82841A77-4235-4E95-AD08-D39635724AC4}"
EndProject
Project("{2150E333-8FDC-42A3-9474-1A3956D46DE8}") = "Application", "Application", "{335903B0-8E31-4E3A-9024-EE89BD0DCC52}"
EndProject
Project("{9A19103F-16F7-4668-BE54-9A1E7A4F7556}") = "HZ.IDTSCore.Model", "HZ.IDTSCore.Model\HZ.IDTSCore.Model.csproj", "{F871A718-925B-4568-8DA4-A74329F018F9}"
EndProject
Project("{9A19103F-16F7-4668-BE54-9A1E7A4F7556}") = "HZ.IDTSCore.Common", "HZ.IDTSCore.Common\HZ.IDTSCore.Common.csproj", "{EBEF32A2-5200-48F0-B302-23B931036009}"
EndProject
Project("{9A19103F-16F7-4668-BE54-9A1E7A4F7556}") = "HZ.IDTSCore.Interfaces", "HZ.IDTSCore.Interfaces\HZ.IDTSCore.Interfaces.csproj", "{33FA0574-7AE6-4CE3-A5B0-6E392E673F0D}"
EndProject
Project("{9A19103F-16F7-4668-BE54-9A1E7A4F7556}") = "HZ.IDTSCore.Api", "HZ.IDTSCore.Api\HZ.IDTSCore.Api.csproj", "{57E121B0-658B-49F1-B12F-5C7A9DFDA104}"
EndProject
Project("{2150E333-8FDC-42A3-9474-1A3956D46DE8}") = "Tools", "Tools", "{4FA177A8-558E-4886-B1CF-966215896BFE}"
EndProject
Project("{9A19103F-16F7-4668-BE54-9A1E7A4F7556}") = "HZ.IDTS.Generate", "HZ.IDTS.Generate\HZ.IDTS.Generate.csproj", "{A52DA791-3F27-4668-BE07-3A41A2FD0840}"
EndProject
Project("{9A19103F-16F7-4668-BE54-9A1E7A4F7556}") = "HZ.IDTSCore.WebSocketServer", "HZ.IDTSCore.WebSocketServer\HZ.IDTSCore.WebSocketServer.csproj", "{D8D6FC33-AE3A-421B-94E7-9F050473AC00}"
EndProject
Project("{9A19103F-16F7-4668-BE54-9A1E7A4F7556}") = "HZ.IDTS.SimulateService", "HZ.IDTS.SimulateService\HZ.IDTS.SimulateService.csproj", "{4066E8E3-9301-4549-B063-C0C8883D062B}"
EndProject
Global
	GlobalSection(SolutionConfigurationPlatforms) = preSolution
		Debug|Any CPU = Debug|Any CPU
		Release|Any CPU = Release|Any CPU
	EndGlobalSection
	GlobalSection(ProjectConfigurationPlatforms) = postSolution
		{F871A718-925B-4568-8DA4-A74329F018F9}.Debug|Any CPU.ActiveCfg = Debug|Any CPU
		{F871A718-925B-4568-8DA4-A74329F018F9}.Debug|Any CPU.Build.0 = Debug|Any CPU
		{F871A718-925B-4568-8DA4-A74329F018F9}.Release|Any CPU.ActiveCfg = Release|Any CPU
		{F871A718-925B-4568-8DA4-A74329F018F9}.Release|Any CPU.Build.0 = Release|Any CPU
		{EBEF32A2-5200-48F0-B302-23B931036009}.Debug|Any CPU.ActiveCfg = Debug|Any CPU
		{EBEF32A2-5200-48F0-B302-23B931036009}.Debug|Any CPU.Build.0 = Debug|Any CPU
		{EBEF32A2-5200-48F0-B302-23B931036009}.Release|Any CPU.ActiveCfg = Release|Any CPU
		{EBEF32A2-5200-48F0-B302-23B931036009}.Release|Any CPU.Build.0 = Release|Any CPU
		{33FA0574-7AE6-4CE3-A5B0-6E392E673F0D}.Debug|Any CPU.ActiveCfg = Debug|Any CPU
		{33FA0574-7AE6-4CE3-A5B0-6E392E673F0D}.Debug|Any CPU.Build.0 = Debug|Any CPU
		{33FA0574-7AE6-4CE3-A5B0-6E392E673F0D}.Release|Any CPU.ActiveCfg = Release|Any CPU
		{33FA0574-7AE6-4CE3-A5B0-6E392E673F0D}.Release|Any CPU.Build.0 = Release|Any CPU
		{57E121B0-658B-49F1-B12F-5C7A9DFDA104}.Debug|Any CPU.ActiveCfg = Debug|Any CPU
		{57E121B0-658B-49F1-B12F-5C7A9DFDA104}.Debug|Any CPU.Build.0 = Debug|Any CPU
		{57E121B0-658B-49F1-B12F-5C7A9DFDA104}.Release|Any CPU.ActiveCfg = Release|Any CPU
		{57E121B0-658B-49F1-B12F-5C7A9DFDA104}.Release|Any CPU.Build.0 = Release|Any CPU
		{A52DA791-3F27-4668-BE07-3A41A2FD0840}.Debug|Any CPU.ActiveCfg = Debug|Any CPU
		{A52DA791-3F27-4668-BE07-3A41A2FD0840}.Debug|Any CPU.Build.0 = Debug|Any CPU
		{A52DA791-3F27-4668-BE07-3A41A2FD0840}.Release|Any CPU.ActiveCfg = Release|Any CPU
		{A52DA791-3F27-4668-BE07-3A41A2FD0840}.Release|Any CPU.Build.0 = Release|Any CPU
		{D8D6FC33-AE3A-421B-94E7-9F050473AC00}.Debug|Any CPU.ActiveCfg = Debug|Any CPU
		{D8D6FC33-AE3A-421B-94E7-9F050473AC00}.Debug|Any CPU.Build.0 = Debug|Any CPU
		{D8D6FC33-AE3A-421B-94E7-9F050473AC00}.Release|Any CPU.ActiveCfg = Release|Any CPU
		{D8D6FC33-AE3A-421B-94E7-9F050473AC00}.Release|Any CPU.Build.0 = Release|Any CPU
		{4066E8E3-9301-4549-B063-C0C8883D062B}.Debug|Any CPU.ActiveCfg = Debug|Any CPU
		{4066E8E3-9301-4549-B063-C0C8883D062B}.Debug|Any CPU.Build.0 = Debug|Any CPU
		{4066E8E3-9301-4549-B063-C0C8883D062B}.Release|Any CPU.ActiveCfg = Release|Any CPU
		{4066E8E3-9301-4549-B063-C0C8883D062B}.Release|Any CPU.Build.0 = Release|Any CPU
	EndGlobalSection
	GlobalSection(SolutionProperties) = preSolution
		HideSolutionNode = FALSE
	EndGlobalSection
	GlobalSection(NestedProjects) = preSolution
		{F871A718-925B-4568-8DA4-A74329F018F9} = {82841A77-4235-4E95-AD08-D39635724AC4}
		{EBEF32A2-5200-48F0-B302-23B931036009} = {82841A77-4235-4E95-AD08-D39635724AC4}
		{33FA0574-7AE6-4CE3-A5B0-6E392E673F0D} = {335903B0-8E31-4E3A-9024-EE89BD0DCC52}
		{57E121B0-658B-49F1-B12F-5C7A9DFDA104} = {335903B0-8E31-4E3A-9024-EE89BD0DCC52}
		{A52DA791-3F27-4668-BE07-3A41A2FD0840} = {4FA177A8-558E-4886-B1CF-966215896BFE}
		{D8D6FC33-AE3A-421B-94E7-9F050473AC00} = {335903B0-8E31-4E3A-9024-EE89BD0DCC52}
		{4066E8E3-9301-4549-B063-C0C8883D062B} = {335903B0-8E31-4E3A-9024-EE89BD0DCC52}
	EndGlobalSection
	GlobalSection(ExtensibilityGlobals) = postSolution
		SolutionGuid = {190A1AB7-CA0C-44D1-8F57-F57B99F977C0}
	EndGlobalSection
EndGlobal
